dependencies:
- name: postgresql
  repository: https://charts.bitnami.com/bitnami
  version: 16.7.18
- name: valkey
  repository: https://charts.bitnami.com/bitnami
  version: 3.0.20
- name: clickhouse
  repository: https://charts.bitnami.com/bitnami
  version: 9.3.9
- name: minio
  repository: https://charts.bitnami.com/bitnami
  version: 17.0.15
- name: keycloak
  repository: https://charts.bitnami.com/bitnami
  version: 24.7.7
- name: kafka
  repository: https://charts.bitnami.com/bitnami
  version: 32.3.5
- name: mongodb
  repository: https://charts.bitnami.com/bitnami
  version: 16.5.31
digest: sha256:3f1090951186dc94096cfe9e876883a8a06153136dddfa69b035e1f1d0d06974
generated: "2025-10-01T15:11:39.352317008+05:30"
