dependencies:
- name: keel
  repository: https://charts.keel.sh
  version: 1.0.5
- name: postgresql
  repository: https://charts.bitnami.com/bitnami
  version: 16.7.18
- name: valkey
  repository: https://charts.bitnami.com/bitnami
  version: 3.0.20
- name: clickhouse
  repository: https://charts.bitnami.com/bitnami
  version: 9.3.9
- name: minio
  repository: https://charts.bitnami.com/bitnami
  version: 17.0.15
- name: keycloak
  repository: https://charts.bitnami.com/bitnami
  version: 24.7.7
- name: dapr
  repository: https://dapr.github.io/helm-charts/
  version: 1.15.8
- name: kafka
  repository: https://charts.bitnami.com/bitnami
  version: 32.3.5
- name: mongodb
  repository: https://charts.bitnami.com/bitnami
  version: 16.5.31
digest: sha256:a6340b361f5acec8a99ca4124be53b22577c87a1c1e30b5a48127d60c27aa151
generated: "2025-08-13T11:26:21.367260593+05:30"
